
Microsoft Visual Studio Solution File, Format Version 12.00
# Visual Studio 15
VisualStudioVersion = 15.0.28010.2050
MinimumVisualStudioVersion = 10.0.40219.1
Project("{FAE04EC0-301F-11D3-BF4B-00C04F79EFBC}") = "GhostWriter", "GhostWriter\GhostWriter.csproj", "{DB733F66-D9F1-4154-A72F-07827363CA39}"
EndProject
Project("{9A19103F-16F7-4668-BE54-9A1E7A4F7556}") = "InstaSharper", "InstaSharper\InstaSharper.csproj", "{215FBA85-FF36-4620-89E5-C07CFBC85600}"
EndProject
Global
	GlobalSection(SolutionConfigurationPlatforms) = preSolution
		Debug|Any CPU = Debug|Any CPU
		Debug|x86 = Debug|x86
		Release|Any CPU = Release|Any CPU
		Release|x86 = Release|x86
	EndGlobalSection
	GlobalSection(ProjectConfigurationPlatforms) = postSolution
		{DB733F66-D9F1-4154-A72F-07827363CA39}.Debug|Any CPU.ActiveCfg = Debug|Any CPU
		{DB733F66-D9F1-4154-A72F-07827363CA39}.Debug|Any CPU.Build.0 = Debug|Any CPU
		{DB733F66-D9F1-4154-A72F-07827363CA39}.Debug|x86.ActiveCfg = Debug|x86
		{DB733F66-D9F1-4154-A72F-07827363CA39}.Debug|x86.Build.0 = Debug|x86
		{DB733F66-D9F1-4154-A72F-07827363CA39}.Release|Any CPU.ActiveCfg = Release|Any CPU
		{DB733F66-D9F1-4154-A72F-07827363CA39}.Release|Any CPU.Build.0 = Release|Any CPU
		{DB733F66-D9F1-4154-A72F-07827363CA39}.Release|x86.ActiveCfg = Release|x86
		{DB733F66-D9F1-4154-A72F-07827363CA39}.Release|x86.Build.0 = Release|x86
		{215FBA85-FF36-4620-89E5-C07CFBC85600}.Debug|Any CPU.ActiveCfg = Debug|Any CPU
		{215FBA85-FF36-4620-89E5-C07CFBC85600}.Debug|Any CPU.Build.0 = Debug|Any CPU
		{215FBA85-FF36-4620-89E5-C07CFBC85600}.Debug|x86.ActiveCfg = Debug|Any CPU
		{215FBA85-FF36-4620-89E5-C07CFBC85600}.Debug|x86.Build.0 = Debug|Any CPU
		{215FBA85-FF36-4620-89E5-C07CFBC85600}.Release|Any CPU.ActiveCfg = Release|Any CPU
		{215FBA85-FF36-4620-89E5-C07CFBC85600}.Release|Any CPU.Build.0 = Release|Any CPU
		{215FBA85-FF36-4620-89E5-C07CFBC85600}.Release|x86.ActiveCfg = Release|Any CPU
		{215FBA85-FF36-4620-89E5-C07CFBC85600}.Release|x86.Build.0 = Release|Any CPU
	EndGlobalSection
	GlobalSection(SolutionProperties) = preSolution
		HideSolutionNode = FALSE
	EndGlobalSection
	GlobalSection(ExtensibilityGlobals) = postSolution
		SolutionGuid = {AF8EBD4A-35BB-41B7-B113-66D06967057C}
	EndGlobalSection
EndGlobal
